Microsoft Visual Studio Solution File, Format Version 12.00
# Visual Studio Version 17
VisualStudioVersion = 17.13.35931.197
MinimumVisualStudioVersion = 10.0.40219.1
Project("{FAE04EC0-301F-11D3-BF4B-00C04F79EFBC}") = "SlowVibesDemo", "SlowVibesDemo\SlowVibesDemo.csproj", "{2A1ECFA4-6EAB-4068-9F01-AF0DDF9EFFE1}"
EndProject
Global
	GlobalSection(SolutionConfigurationPlatforms) = preSolution
		Debug|Any CPU = Debug|Any CPU
		Release|Any CPU = Release|Any CPU
	EndGlobalSection
	GlobalSection(ProjectConfigurationPlatforms) = postSolution
		{2A1ECFA4-6EAB-4068-9F01-AF0DDF9EFFE1}.Debug|Any CPU.ActiveCfg = Debug|Any CPU
		{2A1ECFA4-6EAB-4068-9F01-AF0DDF9EFFE1}.Debug|Any CPU.Build.0 = Debug|Any CPU
		{2A1ECFA4-6EAB-4068-9F01-AF0DDF9EFFE1}.Release|Any CPU.ActiveCfg = Release|Any CPU
		{2A1ECFA4-6EAB-4068-9F01-AF0DDF9EFFE1}.Release|Any CPU.Build.0 = Release|Any CPU
	EndGlobalSection
	GlobalSection(SolutionProperties) = preSolution
		HideSolutionNode = FALSE
	EndGlobalSection
	GlobalSection(ExtensibilityGlobals) = postSolution
		SolutionGuid = {E0EA5A68-D82D-4AE2-90D5-D6481A066853}
	EndGlobalSection
EndGlobal
